
Microsoft Visual Studio Solution File, Format Version 12.00
# Visual Studio 14
VisualStudioVersion = 14.0.25420.1
MinimumVisualStudioVersion = 10.0.40219.1
Project("{FAE04EC0-301F-11D3-BF4B-00C04F79EFBC}") = "ExpandableDetailGridView.Demo", "ExpandableDetailGridView.Demo\ExpandableDetailGridView.Demo.csproj", "{11465D54-8D71-4709-B9D4-2BB944BC110D}"
EndProject
Project("{FAE04EC0-301F-11D3-BF4B-00C04F79EFBC}") = "Control", "Control\Control.csproj", "{AB52F415-EC0F-4FD3-AD19-EE9C4DFE2EFB}"
EndProject
Global
	GlobalSection(SolutionConfigurationPlatforms) = preSolution
		Debug|Any CPU = Debug|Any CPU
		Debug|ARM = Debug|ARM
		Debug|x64 = Debug|x64
		Debug|x86 = Debug|x86
		Release|Any CPU = Release|Any CPU
		Release|ARM = Release|ARM
		Release|x64 = Release|x64
		Release|x86 = Release|x86
	EndGlobalSection
	GlobalSection(ProjectConfigurationPlatforms) = postSolution
		{11465D54-8D71-4709-B9D4-2BB944BC110D}.Debug|Any CPU.ActiveCfg = Debug|x86
		{11465D54-8D71-4709-B9D4-2BB944BC110D}.Debug|ARM.ActiveCfg = Debug|ARM
		{11465D54-8D71-4709-B9D4-2BB944BC110D}.Debug|ARM.Build.0 = Debug|ARM
		{11465D54-8D71-4709-B9D4-2BB944BC110D}.Debug|ARM.Deploy.0 = Debug|ARM
		{11465D54-8D71-4709-B9D4-2BB944BC110D}.Debug|x64.ActiveCfg = Debug|x64
		{11465D54-8D71-4709-B9D4-2BB944BC110D}.Debug|x64.Build.0 = Debug|x64
		{11465D54-8D71-4709-B9D4-2BB944BC110D}.Debug|x64.Deploy.0 = Debug|x64
		{11465D54-8D71-4709-B9D4-2BB944BC110D}.Debug|x86.ActiveCfg = Debug|x86
		{11465D54-8D71-4709-B9D4-2BB944BC110D}.Debug|x86.Build.0 = Debug|x86
		{11465D54-8D71-4709-B9D4-2BB944BC110D}.Debug|x86.Deploy.0 = Debug|x86
		{11465D54-8D71-4709-B9D4-2BB944BC110D}.Release|Any CPU.ActiveCfg = Release|x86
		{11465D54-8D71-4709-B9D4-2BB944BC110D}.Release|ARM.ActiveCfg = Release|ARM
		{11465D54-8D71-4709-B9D4-2BB944BC110D}.Release|ARM.Build.0 = Release|ARM
		{11465D54-8D71-4709-B9D4-2BB944BC110D}.Release|ARM.Deploy.0 = Release|ARM
		{11465D54-8D71-4709-B9D4-2BB944BC110D}.Release|x64.ActiveCfg = Release|x64
		{11465D54-8D71-4709-B9D4-2BB944BC110D}.Release|x64.Build.0 = Release|x64
		{11465D54-8D71-4709-B9D4-2BB944BC110D}.Release|x64.Deploy.0 = Release|x64
		{11465D54-8D71-4709-B9D4-2BB944BC110D}.Release|x86.ActiveCfg = Release|x86
		{11465D54-8D71-4709-B9D4-2BB944BC110D}.Release|x86.Build.0 = Release|x86
		{11465D54-8D71-4709-B9D4-2BB944BC110D}.Release|x86.Deploy.0 = Release|x86
		{AB52F415-EC0F-4FD3-AD19-EE9C4DFE2EFB}.Debug|Any CPU.ActiveCfg = Debug|Any CPU
		{AB52F415-EC0F-4FD3-AD19-EE9C4DFE2EFB}.Debug|Any CPU.Build.0 = Debug|Any CPU
		{AB52F415-EC0F-4FD3-AD19-EE9C4DFE2EFB}.Debug|ARM.ActiveCfg = Debug|ARM
		{AB52F415-EC0F-4FD3-AD19-EE9C4DFE2EFB}.Debug|ARM.Build.0 = Debug|ARM
		{AB52F415-EC0F-4FD3-AD19-EE9C4DFE2EFB}.Debug|x64.ActiveCfg = Debug|x64
		{AB52F415-EC0F-4FD3-AD19-EE9C4DFE2EFB}.Debug|x64.Build.0 = Debug|x64
		{AB52F415-EC0F-4FD3-AD19-EE9C4DFE2EFB}.Debug|x86.ActiveCfg = Debug|x86
		{AB52F415-EC0F-4FD3-AD19-EE9C4DFE2EFB}.Debug|x86.Build.0 = Debug|x86
		{AB52F415-EC0F-4FD3-AD19-EE9C4DFE2EFB}.Release|Any CPU.ActiveCfg = Release|Any CPU
		{AB52F415-EC0F-4FD3-AD19-EE9C4DFE2EFB}.Release|Any CPU.Build.0 = Release|Any CPU
		{AB52F415-EC0F-4FD3-AD19-EE9C4DFE2EFB}.Release|ARM.ActiveCfg = Release|ARM
		{AB52F415-EC0F-4FD3-AD19-EE9C4DFE2EFB}.Release|ARM.Build.0 = Release|ARM
		{AB52F415-EC0F-4FD3-AD19-EE9C4DFE2EFB}.Release|x64.ActiveCfg = Release|x64
		{AB52F415-EC0F-4FD3-AD19-EE9C4DFE2EFB}.Release|x64.Build.0 = Release|x64
		{AB52F415-EC0F-4FD3-AD19-EE9C4DFE2EFB}.Release|x86.ActiveCfg = Release|x86
		{AB52F415-EC0F-4FD3-AD19-EE9C4DFE2EFB}.Release|x86.Build.0 = Release|x86
	EndGlobalSection
	GlobalSection(SolutionProperties) = preSolution
		HideSolutionNode = FALSE
	EndGlobalSection
EndGlobal
